
Microsoft Visual Studio Solution File, Format Version 12.00
# Visual Studio Version 17
VisualStudioVersion = 17.14.36301.6
MinimumVisualStudioVersion = 10.0.40219.1
Project("{FAE04EC0-301F-11D3-BF4B-00C04F79EFBC}") = "RosondVehicleLeasing", "RosondVehicleLeasing.csproj", "{25E07ECE-2674-4DC8-AFFE-FB75ECB1CBBA}"
EndProject
Global
	GlobalSection(SolutionConfigurationPlatforms) = preSolution
		Debug|Any CPU = Debug|Any CPU
		Release|Any CPU = Release|Any CPU
	EndGlobalSection
	GlobalSection(ProjectConfigurationPlatforms) = postSolution
		{25E07ECE-2674-4DC8-AFFE-FB75ECB1CBBA}.Debug|Any CPU.ActiveCfg = Debug|Any CPU
		{25E07ECE-2674-4DC8-AFFE-FB75ECB1CBBA}.Debug|Any CPU.Build.0 = Debug|Any CPU
		{25E07ECE-2674-4DC8-AFFE-FB75ECB1CBBA}.Release|Any CPU.ActiveCfg = Release|Any CPU
		{25E07ECE-2674-4DC8-AFFE-FB75ECB1CBBA}.Release|Any CPU.Build.0 = Release|Any CPU
	EndGlobalSection
	GlobalSection(SolutionProperties) = preSolution
		HideSolutionNode = FALSE
	EndGlobalSection
	GlobalSection(ExtensibilityGlobals) = postSolution
		SolutionGuid = {2722E1B5-FC26-40E9-BD6B-BB3C621236B9}
	EndGlobalSection
EndGlobal
